
Microsoft Visual Studio Solution File, Format Version 12.00
# Visual Studio Version 16
VisualStudioVersion = 16.0.32602.291
MinimumVisualStudioVersion = 10.0.40219.1
Project("{2150E333-8FDC-42A3-9474-1A3956D46DE8}") = "Models", "Models", "{7517B103-F228-474E-B800-C97C5639A156}"
EndProject
Project("{2150E333-8FDC-42A3-9474-1A3956D46DE8}") = "Views", "Views", "{8AB7F806-339E-4680-8317-C63A92AF2FC7}"
EndProject
Project("{2150E333-8FDC-42A3-9474-1A3956D46DE8}") = "Logic", "Logic", "{D7AC8D2E-86BC-43F5-8348-AB06AC1FF061}"
EndProject
Project("{2150E333-8FDC-42A3-9474-1A3956D46DE8}") = "CrossCutting", "CrossCutting", "{1C3D9A82-964E-45E9-A969-A343CD388D87}"
EndProject
Project("{FAE04EC0-301F-11D3-BF4B-00C04F79EFBC}") = "UIMainClient", "UIMainClient\UIMainClient.csproj", "{8A3C290B-F00D-46C0-AE74-58FA2DD8B301}"
EndProject
Project("{2150E333-8FDC-42A3-9474-1A3956D46DE8}") = "Forms", "Forms", "{2DC56293-B32C-46E9-BDAB-4C9C8828D67C}"
EndProject
Project("{2150E333-8FDC-42A3-9474-1A3956D46DE8}") = "Interfaces", "Interfaces", "{C8FCA38A-BAC5-4AAB-B791-EB27F9C1E9DA}"
EndProject
Project("{9A19103F-16F7-4668-BE54-9A1E7A4F7556}") = "ModelsRepository", "ModelsRepository\ModelsRepository.csproj", "{5F2A6E26-24FA-4783-B7A9-C4E5C6F56CE2}"
EndProject
Project("{9A19103F-16F7-4668-BE54-9A1E7A4F7556}") = "Interfaces", "Interfaces\Interfaces.csproj", "{DCA76341-D492-4775-87A5-E6E016D6F290}"
EndProject
Project("{2150E333-8FDC-42A3-9474-1A3956D46DE8}") = "Interf", "Interf", "{6E631932-8DA5-43A7-85F7-6E765EA78359}"
EndProject
Project("{2150E333-8FDC-42A3-9474-1A3956D46DE8}") = "Services", "Services", "{9BF4CC15-CC73-443E-80CE-4C4BBFFC4B46}"
EndProject
Project("{2150E333-8FDC-42A3-9474-1A3956D46DE8}") = "Presenter", "Presenter", "{C1E17106-C7CE-43AB-8295-842965B1CB1C}"
EndProject
Project("{9A19103F-16F7-4668-BE54-9A1E7A4F7556}") = "DBConnectionManager", "DBConnectionManager\DBConnectionManager.csproj", "{FAD88450-1A95-4939-B7B7-636DDC247074}"
EndProject
Project("{9A19103F-16F7-4668-BE54-9A1E7A4F7556}") = "PresenterManager", "PresenterManager\PresenterManager.csproj", "{C17706E5-48D3-47A3-B303-A5CA2EAFDBCC}"
EndProject
Project("{FAE04EC0-301F-11D3-BF4B-00C04F79EFBC}") = "PresenterAdministrator", "PresenterAdministrator\PresenterAdministrator.csproj", "{2CB3E928-D8F6-41A6-80C0-59CD6E609068}"
EndProject
Project("{FAE04EC0-301F-11D3-BF4B-00C04F79EFBC}") = "DBConnectionAdministrator", "DBConnectionAdministrator\DBConnectionAdministrator.csproj", "{938686F0-CC72-4528-A2B0-CA353A9FFA4B}"
EndProject
Project("{FAE04EC0-301F-11D3-BF4B-00C04F79EFBC}") = "InterfacesManager", "InterfacesManager\InterfacesManager.csproj", "{6B8D135A-3615-4376-8010-D9BC006C516A}"
EndProject
Project("{FAE04EC0-301F-11D3-BF4B-00C04F79EFBC}") = "ModelsAdministrator", "ModelsAdministrator\ModelsAdministrator.csproj", "{C42EFA43-AC53-4BAF-B154-8914C2183A26}"
EndProject
Global
	GlobalSection(SolutionConfigurationPlatforms) = preSolution
		Debug|Any CPU = Debug|Any CPU
		Release|Any CPU = Release|Any CPU
	EndGlobalSection
	GlobalSection(ProjectConfigurationPlatforms) = postSolution
		{8A3C290B-F00D-46C0-AE74-58FA2DD8B301}.Debug|Any CPU.ActiveCfg = Debug|Any CPU
		{8A3C290B-F00D-46C0-AE74-58FA2DD8B301}.Debug|Any CPU.Build.0 = Debug|Any CPU
		{8A3C290B-F00D-46C0-AE74-58FA2DD8B301}.Release|Any CPU.ActiveCfg = Release|Any CPU
		{8A3C290B-F00D-46C0-AE74-58FA2DD8B301}.Release|Any CPU.Build.0 = Release|Any CPU
		{5F2A6E26-24FA-4783-B7A9-C4E5C6F56CE2}.Debug|Any CPU.ActiveCfg = Debug|Any CPU
		{5F2A6E26-24FA-4783-B7A9-C4E5C6F56CE2}.Debug|Any CPU.Build.0 = Debug|Any CPU
		{5F2A6E26-24FA-4783-B7A9-C4E5C6F56CE2}.Release|Any CPU.ActiveCfg = Release|Any CPU
		{5F2A6E26-24FA-4783-B7A9-C4E5C6F56CE2}.Release|Any CPU.Build.0 = Release|Any CPU
		{DCA76341-D492-4775-87A5-E6E016D6F290}.Debug|Any CPU.ActiveCfg = Debug|Any CPU
		{DCA76341-D492-4775-87A5-E6E016D6F290}.Debug|Any CPU.Build.0 = Debug|Any CPU
		{DCA76341-D492-4775-87A5-E6E016D6F290}.Release|Any CPU.ActiveCfg = Release|Any CPU
		{DCA76341-D492-4775-87A5-E6E016D6F290}.Release|Any CPU.Build.0 = Release|Any CPU
		{FAD88450-1A95-4939-B7B7-636DDC247074}.Debug|Any CPU.ActiveCfg = Debug|Any CPU
		{FAD88450-1A95-4939-B7B7-636DDC247074}.Debug|Any CPU.Build.0 = Debug|Any CPU
		{FAD88450-1A95-4939-B7B7-636DDC247074}.Release|Any CPU.ActiveCfg = Release|Any CPU
		{FAD88450-1A95-4939-B7B7-636DDC247074}.Release|Any CPU.Build.0 = Release|Any CPU
		{C17706E5-48D3-47A3-B303-A5CA2EAFDBCC}.Debug|Any CPU.ActiveCfg = Debug|Any CPU
		{C17706E5-48D3-47A3-B303-A5CA2EAFDBCC}.Debug|Any CPU.Build.0 = Debug|Any CPU
		{C17706E5-48D3-47A3-B303-A5CA2EAFDBCC}.Release|Any CPU.ActiveCfg = Release|Any CPU
		{C17706E5-48D3-47A3-B303-A5CA2EAFDBCC}.Release|Any CPU.Build.0 = Release|Any CPU
		{2CB3E928-D8F6-41A6-80C0-59CD6E609068}.Debug|Any CPU.ActiveCfg = Debug|Any CPU
		{2CB3E928-D8F6-41A6-80C0-59CD6E609068}.Debug|Any CPU.Build.0 = Debug|Any CPU
		{2CB3E928-D8F6-41A6-80C0-59CD6E609068}.Release|Any CPU.ActiveCfg = Release|Any CPU
		{2CB3E928-D8F6-41A6-80C0-59CD6E609068}.Release|Any CPU.Build.0 = Release|Any CPU
		{938686F0-CC72-4528-A2B0-CA353A9FFA4B}.Debug|Any CPU.ActiveCfg = Debug|Any CPU
		{938686F0-CC72-4528-A2B0-CA353A9FFA4B}.Debug|Any CPU.Build.0 = Debug|Any CPU
		{938686F0-CC72-4528-A2B0-CA353A9FFA4B}.Release|Any CPU.ActiveCfg = Release|Any CPU
		{938686F0-CC72-4528-A2B0-CA353A9FFA4B}.Release|Any CPU.Build.0 = Release|Any CPU
		{6B8D135A-3615-4376-8010-D9BC006C516A}.Debug|Any CPU.ActiveCfg = Debug|Any CPU
		{6B8D135A-3615-4376-8010-D9BC006C516A}.Debug|Any CPU.Build.0 = Debug|Any CPU
		{6B8D135A-3615-4376-8010-D9BC006C516A}.Release|Any CPU.ActiveCfg = Release|Any CPU
		{6B8D135A-3615-4376-8010-D9BC006C516A}.Release|Any CPU.Build.0 = Release|Any CPU
		{C42EFA43-AC53-4BAF-B154-8914C2183A26}.Debug|Any CPU.ActiveCfg = Debug|Any CPU
		{C42EFA43-AC53-4BAF-B154-8914C2183A26}.Debug|Any CPU.Build.0 = Debug|Any CPU
		{C42EFA43-AC53-4BAF-B154-8914C2183A26}.Release|Any CPU.ActiveCfg = Release|Any CPU
		{C42EFA43-AC53-4BAF-B154-8914C2183A26}.Release|Any CPU.Build.0 = Release|Any CPU
	EndGlobalSection
	GlobalSection(SolutionProperties) = preSolution
		HideSolutionNode = FALSE
	EndGlobalSection
	GlobalSection(NestedProjects) = preSolution
		{8A3C290B-F00D-46C0-AE74-58FA2DD8B301} = {2DC56293-B32C-46E9-BDAB-4C9C8828D67C}
		{2DC56293-B32C-46E9-BDAB-4C9C8828D67C} = {8AB7F806-339E-4680-8317-C63A92AF2FC7}
		{C8FCA38A-BAC5-4AAB-B791-EB27F9C1E9DA} = {8AB7F806-339E-4680-8317-C63A92AF2FC7}
		{5F2A6E26-24FA-4783-B7A9-C4E5C6F56CE2} = {7517B103-F228-474E-B800-C97C5639A156}
		{DCA76341-D492-4775-87A5-E6E016D6F290} = {6E631932-8DA5-43A7-85F7-6E765EA78359}
		{6E631932-8DA5-43A7-85F7-6E765EA78359} = {1C3D9A82-964E-45E9-A969-A343CD388D87}
		{9BF4CC15-CC73-443E-80CE-4C4BBFFC4B46} = {D7AC8D2E-86BC-43F5-8348-AB06AC1FF061}
		{C1E17106-C7CE-43AB-8295-842965B1CB1C} = {D7AC8D2E-86BC-43F5-8348-AB06AC1FF061}
		{FAD88450-1A95-4939-B7B7-636DDC247074} = {9BF4CC15-CC73-443E-80CE-4C4BBFFC4B46}
		{C17706E5-48D3-47A3-B303-A5CA2EAFDBCC} = {C1E17106-C7CE-43AB-8295-842965B1CB1C}
		{2CB3E928-D8F6-41A6-80C0-59CD6E609068} = {C1E17106-C7CE-43AB-8295-842965B1CB1C}
		{938686F0-CC72-4528-A2B0-CA353A9FFA4B} = {9BF4CC15-CC73-443E-80CE-4C4BBFFC4B46}
		{6B8D135A-3615-4376-8010-D9BC006C516A} = {6E631932-8DA5-43A7-85F7-6E765EA78359}
		{C42EFA43-AC53-4BAF-B154-8914C2183A26} = {7517B103-F228-474E-B800-C97C5639A156}
	EndGlobalSection
	GlobalSection(ExtensibilityGlobals) = postSolution
		SolutionGuid = {45E7FD5D-B581-426E-92C1-4D9D5478E539}
	EndGlobalSection
EndGlobal
